
Microsoft Visual Studio Solution File, Format Version 11.00
# Visual Studio 2010
Project("{FAE04EC0-301F-11D3-BF4B-00C04F79EFBC}") = "joint", "Assembly-CSharp.csproj", "{49DFA16D-57B1-7868-CDCD-09150DFDE092}"
EndProject
Global
	GlobalSection(SolutionConfigurationPlatforms) = preSolution
		Debug|Any CPU = Debug|Any CPU
		Release|Any CPU = Release|Any CPU
	EndGlobalSection
	GlobalSection(ProjectConfigurationPlatforms) = postSolution
		{49DFA16D-57B1-7868-CDCD-09150DFDE092}.Debug|Any CPU.ActiveCfg = Debug|Any CPU
		{49DFA16D-57B1-7868-CDCD-09150DFDE092}.Debug|Any CPU.Build.0 = Debug|Any CPU
		{49DFA16D-57B1-7868-CDCD-09150DFDE092}.Release|Any CPU.ActiveCfg = Release|Any CPU
		{49DFA16D-57B1-7868-CDCD-09150DFDE092}.Release|Any CPU.Build.0 = Release|Any CPU
	EndGlobalSection
	GlobalSection(SolutionProperties) = preSolution
		HideSolutionNode = FALSE
	EndGlobalSection
	GlobalSection(MonoDevelopProperties) = preSolution
		StartupItem = Assembly-CSharp.csproj
	EndGlobalSection
EndGlobal
